# This file is automatically @generated by Cargo.
# It is not intended for manual editing.
version = 4

[[package]]
name = "safetynet"
version = "0.1.0"
dependencies = [
 "safetynet-core",
]

[[package]]
name = "safetynet-core"
version = "0.1.0"

[[package]]
name = "safetynet-demo"
version = "0.1.0"
dependencies = [
 "safetynet",
]

[[package]]
name = "safetynet-macros"
version = "0.1.0"
